{
  "name": "tartware",
  "version": "1.0.0",
  "lockfileVersion": 3,
  "requires": true,
  "packages": {
    "Apps/api-gateway": {
      "name": "@tartware/api-gateway",
      "version": "0.1.0",
      "extraneous": true,
      "dependencies": {
        "@fastify/helmet": "^13.0.2",
        "@fastify/rate-limit": "^10.3.0",
        "@fastify/sensible": "^6.0.4",
        "@fastify/swagger": "^9.6.1",
        "@fastify/swagger-ui": "^5.2.3",
        "@tartware/command-center-shared": "file:../command-center-shared",
        "@tartware/config": "file:../config",
        "@tartware/fastify-server": "file:../fastify-server",
        "@tartware/openapi": "file:../openapi-utils",
        "@tartware/outbox": "file:../outbox",
        "@tartware/schemas": "file:../../schema",
        "@tartware/telemetry": "file:../telemetry",
        "@types/node": "^20.11.19",
        "dotenv": "^17.2.3",
        "eta": "^4.5.0",
        "fastify": "^5.6.2",
        "fastify-plugin": "^5.1.0",
        "jsonwebtoken": "^9.0.2",
        "kafkajs": "^2.2.4",
        "pg": "^8.11.3",
        "zod": "^3.23.8"
      },
      "devDependencies": {
        "@biomejs/biome": "^2.2.5",
        "@types/jsonwebtoken": "^9.0.6",
        "@typescript-eslint/eslint-plugin": "^7.0.1",
        "@typescript-eslint/parser": "^7.0.1",
        "eslint": "8.57.0",
        "eslint-config-prettier": "^9.1.0",
        "eslint-plugin-import": "^2.29.1",
        "knip": "^5.67.0",
        "tsx": "^4.7.1",
        "typescript": "^5.3.3",
        "vitest": "^4.0.18"
      },
      "engines": {
        "node": ">=20.0.0",
        "npm": ">=10.0.0"
      }
    },
    "Apps/availability-guard-service": {
      "name": "@tartware/availability-guard-service",
      "version": "0.1.0",
      "extraneous": true,
      "dependencies": {
        "@fastify/cors": "^9.0.1",
        "@fastify/helmet": "^11.1.1",
        "@fastify/sensible": "^5.1.1",
        "@fastify/swagger": "^9.6.1",
        "@fastify/swagger-ui": "^5.2.3",
        "@grpc/grpc-js": "^1.11.3",
        "@grpc/proto-loader": "^0.7.10",
        "@tartware/config": "file:../config",
        "@tartware/fastify-server": "file:../fastify-server",
        "@tartware/openapi": "file:../openapi-utils",
        "@tartware/schemas": "file:../../schema",
        "@tartware/telemetry": "file:../telemetry",
        "fastify": "^5.6.2",
        "fastify-plugin": "^4.5.1",
        "kafkajs": "^2.2.4",
        "p-retry": "^6.0.1",
        "pg": "^8.11.3",
        "prom-client": "^15.1.3",
        "zod": "^3.23.8"
      },
      "devDependencies": {
        "@biomejs/biome": "^2.2.5",
        "@types/node": "^20.11.19",
        "@typescript-eslint/eslint-plugin": "^7.0.1",
        "@typescript-eslint/parser": "^7.0.1",
        "@vitest/coverage-v8": "^4.0.18",
        "eslint": "8.57.0",
        "eslint-config-prettier": "^9.1.0",
        "eslint-plugin-import": "^2.29.1",
        "knip": "^5.67.0",
        "tsx": "^4.7.1",
        "typescript": "^5.3.3",
        "vitest": "^4.0.18"
      },
      "engines": {
        "node": ">=20.0.0",
        "npm": ">=10.0.0"
      }
    },
    "Apps/billing-service": {
      "name": "@tartware/billing-service",
      "version": "0.1.0",
      "extraneous": true,
      "dependencies": {
        "@fastify/cors": "^9.0.1",
        "@fastify/helmet": "^11.1.1",
        "@fastify/sensible": "^5.1.1",
        "@fastify/swagger": "^9.6.1",
        "@fastify/swagger-ui": "^5.2.3",
        "@tartware/config": "file:../config",
        "@tartware/fastify-server": "file:../fastify-server",
        "@tartware/openapi": "file:../openapi-utils",
        "@tartware/schemas": "file:../../schema",
        "@tartware/telemetry": "file:../telemetry",
        "@tartware/tenant-auth": "file:../tenant-auth",
        "fastify": "^5.6.2",
        "fastify-plugin": "^4.5.1",
        "jsonwebtoken": "^9.0.2",
        "kafkajs": "^2.2.4",
        "pg": "^8.11.3",
        "prom-client": "^15.1.3",
        "zod": "^3.23.8"
      },
      "devDependencies": {
        "@biomejs/biome": "^2.2.5",
        "@types/jsonwebtoken": "^9.0.6",
        "@types/node": "^20.11.19",
        "@typescript-eslint/eslint-plugin": "^7.0.1",
        "@typescript-eslint/parser": "^7.0.1",
        "@vitest/coverage-v8": "^4.0.18",
        "eslint": "8.57.0",
        "eslint-config-prettier": "^9.1.0",
        "eslint-plugin-import": "^2.29.1",
        "knip": "^5.67.0",
        "tsx": "^4.7.1",
        "typescript": "^5.3.3",
        "vitest": "^4.0.18"
      },
      "engines": {
        "node": ">=20.0.0",
        "npm": ">=10.0.0"
      }
    },
    "Apps/command-center-service": {
      "name": "@tartware/command-center-service",
      "version": "0.1.0",
      "extraneous": true,
      "dependencies": {
        "@fastify/cors": "^9.0.1",
        "@fastify/helmet": "^11.1.1",
        "@fastify/sensible": "^5.1.1",
        "@fastify/swagger": "^9.6.1",
        "@fastify/swagger-ui": "^5.2.3",
        "@tartware/command-center-shared": "file:../command-center-shared",
        "@tartware/config": "file:../config",
        "@tartware/fastify-server": "file:../fastify-server",
        "@tartware/openapi": "file:../openapi-utils",
        "@tartware/outbox": "file:../outbox",
        "@tartware/schemas": "file:../../schema",
        "@tartware/telemetry": "file:../telemetry",
        "@tartware/tenant-auth": "file:../tenant-auth",
        "fastify": "^5.6.2",
        "fastify-plugin": "^4.5.1",
        "jsonwebtoken": "^9.0.2",
        "kafkajs": "^2.2.4",
        "pg": "^8.11.3",
        "prom-client": "^15.1.3",
        "zod": "^3.23.8"
      },
      "devDependencies": {
        "@biomejs/biome": "^2.2.5",
        "@types/jsonwebtoken": "^9.0.6",
        "@types/node": "^20.11.19",
        "@typescript-eslint/eslint-plugin": "^7.0.1",
        "@typescript-eslint/parser": "^7.0.1",
        "@vitest/coverage-v8": "^4.0.18",
        "eslint": "8.57.0",
        "eslint-config-prettier": "^9.1.0",
        "eslint-plugin-import": "^2.29.1",
        "knip": "^5.67.0",
        "tsx": "^4.7.1",
        "typescript": "^5.3.3",
        "vitest": "^4.0.18"
      },
      "engines": {
        "node": ">=20.0.0",
        "npm": ">=10.0.0"
      }
    },
    "Apps/command-center-shared": {
      "name": "@tartware/command-center-shared",
      "version": "0.1.0",
      "extraneous": true,
      "dependencies": {
        "@tartware/schemas": "file:../../schema",
        "fastify": "^5.6.2"
      },
      "devDependencies": {
        "pg": "^8.11.3"
      },
      "engines": {
        "node": ">=20.0.0",
        "npm": ">=10.0.0"
      }
    },
    "Apps/config": {
      "name": "@tartware/config",
      "version": "0.1.0",
      "extraneous": true,
      "dependencies": {
        "dotenv": "^17.2.3",
        "fastify": "^5.6.2",
        "zod": "^3.23.8"
      },
      "devDependencies": {
        "@types/node": "^20.11.19",
        "typescript": "^5.3.3"
      },
      "engines": {
        "node": ">=20.0.0",
        "npm": ">=10.0.0"
      }
    },
    "Apps/core-service": {
      "name": "@tartware/core-service",
      "version": "0.1.0",
      "extraneous": true,
      "dependencies": {
        "@fastify/cors": "^8.3.0",
        "@fastify/helmet": "^11.1.1",
        "@fastify/sensible": "^5.1.1",
        "@fastify/swagger": "^9.6.1",
        "@fastify/swagger-ui": "^5.2.3",
        "@tartware/config": "file:../config",
        "@tartware/fastify-server": "file:../fastify-server",
        "@tartware/openapi": "file:../openapi-utils",
        "@tartware/schemas": "file:../../schema",
        "@tartware/telemetry": "file:../telemetry",
        "@types/ioredis": "^4.28.10",
        "bcryptjs": "^2.4.3",
        "fastify": "^5.6.2",
        "fastify-plugin": "^4.5.1",
        "ioredis": "^5.8.2",
        "ipaddr.js": "^1.9.1",
        "jsonwebtoken": "^9.0.2",
        "otplib": "^12.0.1",
        "pg": "^8.11.3",
        "prom-client": "^15.1.3",
        "redis": "^5.9.0",
        "zod": "^3.23.8"
      },
      "devDependencies": {
        "@biomejs/biome": "^2.2.5",
        "@types/bcryptjs": "^2.4.6",
        "@types/jsonwebtoken": "^9.0.6",
        "@types/node": "^20.11.19",
        "@types/pg": "^8.11.0",
        "@typescript-eslint/eslint-plugin": "^7.0.1",
        "@typescript-eslint/parser": "^7.0.1",
        "@vitest/coverage-v8": "^4.0.18",
        "@vitest/ui": "^4.0.18",
        "ast-v8-to-istanbul": "^0.3.10",
        "eslint": "8.57.0",
        "eslint-config-prettier": "^9.1.0",
        "eslint-plugin-import": "^2.29.1",
        "knip": "^5.67.0",
        "tsx": "^4.7.1",
        "typescript": "^5.3.3",
        "vitest": "^4.0.18"
      },
      "engines": {
        "node": ">=20.0.0",
        "npm": ">=10.0.0"
      }
    },
    "Apps/fastify-server": {
      "name": "@tartware/fastify-server",
      "version": "1.0.0",
      "extraneous": true,
      "dependencies": {
        "@fastify/cors": "^10.0.1",
        "@fastify/helmet": "^12.0.1",
        "@fastify/sensible": "^6.0.1",
        "@tartware/telemetry": "*",
        "fastify": "^5.2.0"
      },
      "devDependencies": {
        "@types/node": "^20.11.16",
        "typescript": "^5.3.3"
      }
    },
    "Apps/guests-service": {
      "name": "@tartware/guests-service",
      "version": "0.1.0",
      "extraneous": true,
      "dependencies": {
        "@fastify/cors": "^9.0.1",
        "@fastify/helmet": "^11.1.1",
        "@fastify/sensible": "^5.1.1",
        "@fastify/swagger": "^9.6.1",
        "@fastify/swagger-ui": "^5.2.3",
        "@tartware/config": "file:../config",
        "@tartware/fastify-server": "file:../fastify-server",
        "@tartware/openapi": "file:../openapi-utils",
        "@tartware/schemas": "file:../../schema",
        "@tartware/telemetry": "file:../telemetry",
        "@tartware/tenant-auth": "file:../tenant-auth",
        "fastify": "^5.6.2",
        "fastify-plugin": "^4.5.1",
        "jsonwebtoken": "^9.0.2",
        "kafkajs": "^2.2.4",
        "pg": "^8.11.3",
        "prom-client": "^15.1.3",
        "zod": "^3.23.8"
      },
      "devDependencies": {
        "@biomejs/biome": "^2.2.5",
        "@types/jsonwebtoken": "^9.0.6",
        "@types/node": "^20.11.19",
        "@typescript-eslint/eslint-plugin": "^7.0.1",
        "@typescript-eslint/parser": "^7.0.1",
        "@vitest/coverage-v8": "^4.0.18",
        "eslint": "8.57.0",
        "eslint-config-prettier": "^9.1.0",
        "eslint-plugin-import": "^2.29.1",
        "knip": "^5.67.0",
        "tsx": "^4.7.1",
        "typescript": "^5.3.3",
        "vitest": "^4.0.18"
      },
      "engines": {
        "node": ">=20.0.0",
        "npm": ">=10.0.0"
      }
    },
    "Apps/housekeeping-service": {
      "name": "@tartware/housekeeping-service",
      "version": "0.1.0",
      "extraneous": true,
      "dependencies": {
        "@fastify/cors": "^9.0.1",
        "@fastify/helmet": "^11.1.1",
        "@fastify/sensible": "^5.1.1",
        "@fastify/swagger": "^9.6.1",
        "@fastify/swagger-ui": "^5.2.3",
        "@tartware/config": "file:../config",
        "@tartware/fastify-server": "file:../fastify-server",
        "@tartware/openapi": "file:../openapi-utils",
        "@tartware/schemas": "file:../../schema",
        "@tartware/telemetry": "file:../telemetry",
        "@tartware/tenant-auth": "file:../tenant-auth",
        "fastify": "^5.6.2",
        "fastify-plugin": "^4.5.1",
        "jsonwebtoken": "^9.0.2",
        "kafkajs": "^2.2.4",
        "pg": "^8.11.3",
        "prom-client": "^15.1.3",
        "zod": "^3.23.8"
      },
      "devDependencies": {
        "@biomejs/biome": "^2.2.5",
        "@types/jsonwebtoken": "^9.0.6",
        "@types/node": "^20.11.19",
        "@typescript-eslint/eslint-plugin": "^7.0.1",
        "@typescript-eslint/parser": "^7.0.1",
        "@vitest/coverage-v8": "^4.0.18",
        "eslint": "8.57.0",
        "eslint-config-prettier": "^9.1.0",
        "eslint-plugin-import": "^2.29.1",
        "knip": "^5.67.0",
        "tsx": "^4.7.1",
        "typescript": "^5.3.3",
        "vitest": "^4.0.18"
      },
      "engines": {
        "node": ">=20.0.0",
        "npm": ">=10.0.0"
      }
    },
    "Apps/openapi-utils": {
      "name": "@tartware/openapi",
      "version": "0.1.0",
      "extraneous": true,
      "dependencies": {
        "fastify": "^5.6.2",
        "zod": "^3.23.8",
        "zod-to-json-schema": "^3.25.0"
      },
      "devDependencies": {
        "@types/node": "^20.11.19",
        "typescript": "^5.3.3",
        "vitest": "^4.0.18"
      },
      "engines": {
        "node": ">=20.0.0",
        "npm": ">=10.0.0"
      }
    },
    "Apps/outbox": {
      "name": "@tartware/outbox",
      "version": "0.1.0",
      "extraneous": true,
      "dependencies": {
        "pg": "^8.11.3"
      },
      "devDependencies": {
        "@types/node": "^20.11.19",
        "typescript": "^5.3.3"
      }
    },
    "Apps/reservations-command-service": {
      "name": "@tartware/reservations-command-service",
      "version": "0.1.0",
      "extraneous": true,
      "dependencies": {
        "@fastify/helmet": "^13.0.2",
        "@fastify/sensible": "^6.0.4",
        "@fastify/swagger": "^9.6.1",
        "@fastify/swagger-ui": "^5.2.3",
        "@grpc/grpc-js": "^1.11.3",
        "@grpc/proto-loader": "^0.7.10",
        "@tartware/config": "file:../config",
        "@tartware/fastify-server": "file:../fastify-server",
        "@tartware/openapi": "file:../openapi-utils",
        "@tartware/outbox": "file:../outbox",
        "@tartware/schemas": "file:../../schema",
        "@tartware/telemetry": "file:../telemetry",
        "dotenv": "^17.2.3",
        "fastify": "^5.6.2",
        "fastify-plugin": "^5.1.0",
        "kafkajs": "^2.2.4",
        "pg": "^8.11.3",
        "prom-client": "^15.1.3",
        "uuid": "^9.0.1",
        "zod": "^3.23.8"
      },
      "devDependencies": {
        "@biomejs/biome": "^2.2.5",
        "@types/node": "^20.11.19",
        "@types/pg": "^8.11.0",
        "@types/uuid": "^10.0.0",
        "@typescript-eslint/eslint-plugin": "^7.0.1",
        "@typescript-eslint/parser": "^7.0.1",
        "@vitest/coverage-v8": "^4.0.18",
        "esbuild": "^0.27.2",
        "eslint": "8.57.0",
        "eslint-config-prettier": "^9.1.0",
        "eslint-plugin-import": "^2.29.1",
        "knip": "^5.67.0",
        "tsx": "^4.7.1",
        "typescript": "^5.3.3",
        "vitest": "^4.0.18"
      },
      "engines": {
        "node": ">=20.0.0",
        "npm": ">=10.0.0"
      }
    },
    "Apps/roll-service": {
      "name": "@tartware/roll-service",
      "version": "0.1.0",
      "extraneous": true,
      "dependencies": {
        "@fastify/helmet": "^11.1.1",
        "@fastify/sensible": "^5.1.1",
        "@opentelemetry/api": "^1.9.0",
        "@tartware/config": "file:../config",
        "@tartware/fastify-server": "file:../fastify-server",
        "@tartware/openapi": "file:../openapi-utils",
        "@tartware/schemas": "file:../../schema",
        "@tartware/telemetry": "file:../telemetry",
        "fastify": "^5.6.2",
        "fastify-plugin": "^4.5.1",
        "kafkajs": "^2.2.4",
        "p-retry": "^6.0.1",
        "pg": "^8.11.3",
        "prom-client": "^15.1.3",
        "zod": "^3.23.8"
      },
      "devDependencies": {
        "@biomejs/biome": "^2.2.5",
        "@types/node": "^20.11.19",
        "@typescript-eslint/eslint-plugin": "^7.0.1",
        "@typescript-eslint/parser": "^7.0.1",
        "@vitest/coverage-v8": "^4.0.18",
        "eslint": "8.57.0",
        "eslint-config-prettier": "^9.1.0",
        "eslint-plugin-import": "^2.29.1",
        "knip": "^5.67.0",
        "tsx": "^4.7.1",
        "typescript": "^5.3.3",
        "vitest": "^4.0.18"
      },
      "engines": {
        "node": ">=20.0.0",
        "npm": ">=10.0.0"
      }
    },
    "Apps/rooms-service": {
      "name": "@tartware/rooms-service",
      "version": "0.1.0",
      "extraneous": true,
      "dependencies": {
        "@fastify/cors": "^9.0.1",
        "@fastify/helmet": "^11.1.1",
        "@fastify/sensible": "^5.1.1",
        "@fastify/swagger": "^9.6.1",
        "@fastify/swagger-ui": "^5.2.3",
        "@tartware/config": "file:../config",
        "@tartware/fastify-server": "file:../fastify-server",
        "@tartware/openapi": "file:../openapi-utils",
        "@tartware/schemas": "file:../../schema",
        "@tartware/telemetry": "file:../telemetry",
        "@tartware/tenant-auth": "file:../tenant-auth",
        "fastify": "^5.6.2",
        "fastify-plugin": "^4.5.1",
        "jsonwebtoken": "^9.0.2",
        "kafkajs": "^2.2.4",
        "pg": "^8.11.3",
        "prom-client": "^15.1.3",
        "zod": "^3.23.8"
      },
      "devDependencies": {
        "@biomejs/biome": "^2.2.5",
        "@types/jsonwebtoken": "^9.0.6",
        "@types/node": "^20.11.19",
        "@typescript-eslint/eslint-plugin": "^7.0.1",
        "@typescript-eslint/parser": "^7.0.1",
        "@vitest/coverage-v8": "^4.0.18",
        "eslint": "8.57.0",
        "eslint-config-prettier": "^9.1.0",
        "eslint-plugin-import": "^2.29.1",
        "knip": "^5.67.0",
        "tsx": "^4.7.1",
        "typescript": "^5.3.3",
        "vitest": "^4.0.18"
      },
      "engines": {
        "node": ">=20.0.0",
        "npm": ">=10.0.0"
      }
    },
    "Apps/settings-service": {
      "name": "@tartware/settings-service",
      "version": "0.1.0",
      "extraneous": true,
      "dependencies": {
        "@fastify/cors": "^8.3.0",
        "@fastify/helmet": "^11.1.1",
        "@fastify/jwt": "^10.0.0",
        "@fastify/sensible": "^5.1.1",
        "@fastify/swagger": "^9.6.1",
        "@fastify/swagger-ui": "^5.2.3",
        "@tartware/config": "file:../config",
        "@tartware/fastify-server": "file:../fastify-server",
        "@tartware/openapi": "file:../openapi-utils",
        "@tartware/schemas": "file:../../schema",
        "@tartware/telemetry": "file:../telemetry",
        "fastify": "^5.6.2",
        "fastify-plugin": "^4.5.1",
        "pg": "^8.11.3",
        "zod": "^3.23.8"
      },
      "devDependencies": {
        "@biomejs/biome": "^2.2.5",
        "@types/node": "^20.11.19",
        "@typescript-eslint/eslint-plugin": "^7.0.1",
        "@typescript-eslint/parser": "^7.0.1",
        "@vitest/coverage-v8": "^4.0.18",
        "eslint": "8.57.0",
        "eslint-config-prettier": "^9.1.0",
        "eslint-plugin-import": "^2.29.1",
        "knip": "^5.67.0",
        "tsx": "^4.7.1",
        "typescript": "^5.3.3",
        "vitest": "^4.0.18"
      },
      "engines": {
        "node": ">=20.0.0",
        "npm": ">=10.0.0"
      }
    },
    "Apps/telemetry": {
      "name": "@tartware/telemetry",
      "version": "0.1.0",
      "extraneous": true,
      "dependencies": {
        "@opentelemetry/api": "^1.9.0",
        "@opentelemetry/api-logs": "^0.52.1",
        "@opentelemetry/auto-instrumentations-node": "^0.52.1",
        "@opentelemetry/exporter-logs-otlp-http": "^0.52.1",
        "@opentelemetry/exporter-trace-otlp-http": "^0.52.1",
        "@opentelemetry/resources": "^1.25.1",
        "@opentelemetry/sdk-logs": "^0.52.1",
        "@opentelemetry/sdk-node": "^0.52.1",
        "@opentelemetry/semantic-conventions": "^1.25.1",
        "pino": "^9.4.0",
        "pino-pretty": "^11.2.2"
      },
      "devDependencies": {
        "@types/node": "^20.11.19",
        "fastify": "^5.6.2",
        "typescript": "^5.3.3"
      },
      "engines": {
        "node": ">=20.0.0",
        "npm": ">=10.0.0"
      }
    },
    "Apps/tenant-auth": {
      "name": "@tartware/tenant-auth",
      "version": "0.1.0",
      "extraneous": true,
      "dependencies": {
        "fastify-plugin": "^5.1.0"
      },
      "engines": {
        "node": ">=20.0.0",
        "npm": ">=10.0.0"
      },
      "peerDependencies": {
        "fastify": "^5.6.2"
      }
    },
    "schema": {
      "name": "@tartware/schemas",
      "version": "0.1.0",
      "extraneous": true,
      "license": "MIT",
      "dependencies": {
        "zod": "^3.23.8"
      },
      "devDependencies": {
        "@biomejs/biome": "^2.3.4",
        "@types/node": "^20.11.19",
        "@types/pg": "^8.11.0",
        "@typescript-eslint/eslint-plugin": "^7.0.1",
        "@typescript-eslint/parser": "^7.0.1",
        "@vitest/coverage-v8": "^4.0.18",
        "@vitest/ui": "^4.0.18",
        "eslint": "8.57.0",
        "eslint-config-prettier": "^9.1.0",
        "eslint-plugin-import": "^2.29.1",
        "knip": "^5.67.0",
        "pg": "^8.11.3",
        "prettier": "^3.2.5",
        "tsx": "^4.7.1",
        "typescript": "^5.3.3",
        "vitest": "^4.0.18"
      },
      "engines": {
        "node": ">=20.0.0",
        "npm": ">=10.0.0"
      }
    },
    "UI/super-admin-ui": {
      "version": "0.0.0",
      "extraneous": true,
      "dependencies": {
        "@angular/animations": "^19.2.18",
        "@angular/cdk": "^19.2.18",
        "@angular/common": "^19.2.18",
        "@angular/compiler": "^19.2.18",
        "@angular/core": "^19.2.18",
        "@angular/forms": "^19.2.18",
        "@angular/material": "^19.2.18",
        "@angular/platform-browser": "^19.2.18",
        "@angular/platform-browser-dynamic": "^19.2.18",
        "@angular/platform-server": "^19.2.18",
        "@angular/router": "^19.2.18",
        "@angular/ssr": "^19.2.18",
        "@tartware/schemas": "file:../../schema",
        "express": "^4.18.2",
        "fastify": "^5.6.2",
        "tslib": "^2.3.0",
        "zone.js": "~0.15.0"
      },
      "devDependencies": {
        "@angular-devkit/build-angular": "^19.2.19",
        "@angular/cli": "^19.2.19",
        "@angular/compiler-cli": "^19.2.18",
        "@types/express": "^4.17.17",
        "@types/jasmine": "~5.1.0",
        "@types/node": "^18.18.0",
        "fast-deep-equal": "^3.1.3",
        "jasmine-core": "~5.2.0",
        "karma": "~6.4.0",
        "karma-chrome-launcher": "~3.2.0",
        "karma-coverage": "~2.2.0",
        "karma-jasmine": "~5.1.0",
        "karma-jasmine-html-reporter": "~2.1.0",
        "ng-packagr": "^19.0.0",
        "typescript": "~5.5.2"
      }
    }
  }
}
